
Microsoft Visual Studio Solution File, Format Version 12.00
# Visual Studio Version 17
VisualStudioVersion = 17.13.35919.96
MinimumVisualStudioVersion = 10.0.40219.1
Project("{FAE04EC0-301F-11D3-BF4B-00C04F79EFBC}") = "ScreenServer", "ScreenServer.csproj", "{C4797B09-5483-40AB-8A3C-130C7E156915}"
EndProject
Global
	GlobalSection(SolutionConfigurationPlatforms) = preSolution
		Debug|Any CPU = Debug|Any CPU
		Debug|ARM64 = Debug|ARM64
		Debug|x64 = Debug|x64
		Release|Any CPU = Release|Any CPU
		Release|ARM64 = Release|ARM64
		Release|x64 = Release|x64
	EndGlobalSection
	GlobalSection(ProjectConfigurationPlatforms) = postSolution
		{C4797B09-5483-40AB-8A3C-130C7E156915}.Debug|Any CPU.ActiveCfg = Debug|Any CPU
		{C4797B09-5483-40AB-8A3C-130C7E156915}.Debug|Any CPU.Build.0 = Debug|Any CPU
		{C4797B09-5483-40AB-8A3C-130C7E156915}.Debug|ARM64.ActiveCfg = Debug|ARM64
		{C4797B09-5483-40AB-8A3C-130C7E156915}.Debug|ARM64.Build.0 = Debug|ARM64
		{C4797B09-5483-40AB-8A3C-130C7E156915}.Debug|x64.ActiveCfg = Debug|x64
		{C4797B09-5483-40AB-8A3C-130C7E156915}.Debug|x64.Build.0 = Debug|x64
		{C4797B09-5483-40AB-8A3C-130C7E156915}.Release|Any CPU.ActiveCfg = Release|Any CPU
		{C4797B09-5483-40AB-8A3C-130C7E156915}.Release|Any CPU.Build.0 = Release|Any CPU
		{C4797B09-5483-40AB-8A3C-130C7E156915}.Release|ARM64.ActiveCfg = Release|ARM64
		{C4797B09-5483-40AB-8A3C-130C7E156915}.Release|ARM64.Build.0 = Release|ARM64
		{C4797B09-5483-40AB-8A3C-130C7E156915}.Release|x64.ActiveCfg = Release|x64
		{C4797B09-5483-40AB-8A3C-130C7E156915}.Release|x64.Build.0 = Release|x64
	EndGlobalSection
	GlobalSection(SolutionProperties) = preSolution
		HideSolutionNode = FALSE
	EndGlobalSection
	GlobalSection(ExtensibilityGlobals) = postSolution
		SolutionGuid = {57277B90-882E-4D33-924B-8FCB428E1EB0}
	EndGlobalSection
EndGlobal
